
Microsoft Visual Studio Solution File, Format Version 12.00
# Visual Studio Version 17
VisualStudioVersion = 17.8.34525.116
MinimumVisualStudioVersion = 10.0.40219.1
Project("{9A19103F-16F7-4668-BE54-9A1E7A4F7556}") = "WeatherServer", "WeatherServer\WeatherServer.csproj", "{AE4E56A3-7E08-41D7-8928-7B9E3E6DFEA5}"
	ProjectSection(ProjectDependencies) = postProject
		{E8BB3C2A-A77F-4397-9E0C-D645C121044F} = {E8BB3C2A-A77F-4397-9E0C-D645C121044F}
	EndProjectSection
EndProject
Project("{9A19103F-16F7-4668-BE54-9A1E7A4F7556}") = "CountryModel", "CountryModel\CountryModel.csproj", "{E8BB3C2A-A77F-4397-9E0C-D645C121044F}"
EndProject
Global
	GlobalSection(SolutionConfigurationPlatforms) = preSolution
		Debug|Any CPU = Debug|Any CPU
		Release|Any CPU = Release|Any CPU
	EndGlobalSection
	GlobalSection(ProjectConfigurationPlatforms) = postSolution
		{AE4E56A3-7E08-41D7-8928-7B9E3E6DFEA5}.Debug|Any CPU.ActiveCfg = Debug|Any CPU
		{AE4E56A3-7E08-41D7-8928-7B9E3E6DFEA5}.Debug|Any CPU.Build.0 = Debug|Any CPU
		{AE4E56A3-7E08-41D7-8928-7B9E3E6DFEA5}.Release|Any CPU.ActiveCfg = Release|Any CPU
		{AE4E56A3-7E08-41D7-8928-7B9E3E6DFEA5}.Release|Any CPU.Build.0 = Release|Any CPU
		{E8BB3C2A-A77F-4397-9E0C-D645C121044F}.Debug|Any CPU.ActiveCfg = Debug|Any CPU
		{E8BB3C2A-A77F-4397-9E0C-D645C121044F}.Debug|Any CPU.Build.0 = Debug|Any CPU
		{E8BB3C2A-A77F-4397-9E0C-D645C121044F}.Release|Any CPU.ActiveCfg = Release|Any CPU
		{E8BB3C2A-A77F-4397-9E0C-D645C121044F}.Release|Any CPU.Build.0 = Release|Any CPU
	EndGlobalSection
	GlobalSection(SolutionProperties) = preSolution
		HideSolutionNode = FALSE
	EndGlobalSection
	GlobalSection(ExtensibilityGlobals) = postSolution
		SolutionGuid = {727A7302-ACC8-4849-879B-DE2064AF3C4D}
	EndGlobalSection
EndGlobal
